
Microsoft Visual Studio Solution File, Format Version 12.00
# Visual Studio Version 17
VisualStudioVersion = 17.2.32630.192
MinimumVisualStudioVersion = 10.0.40219.1
Project("{9A19103F-16F7-4668-BE54-9A1E7A4F7556}") = "Movies.API", "Movies.API\Movies.API.csproj", "{8CA43FF8-0D5F-4F3F-8E3B-FA7DA483DE63}"
EndProject
Project("{9A19103F-16F7-4668-BE54-9A1E7A4F7556}") = "Movies.DTO", "Movies.DTO\Movies.DTO.csproj", "{199056C8-DD50-4983-A68C-1ED9A5CA1550}"
EndProject
Project("{9A19103F-16F7-4668-BE54-9A1E7A4F7556}") = "Movies.Models", "Movies.Models\Movies.Models.csproj", "{27F29D49-151B-4057-AA3E-BF49DA48F4FB}"
EndProject
Project("{9A19103F-16F7-4668-BE54-9A1E7A4F7556}") = "Movies.Services", "Movies.Services\Movies.Services.csproj", "{9E034572-4933-4CAE-9A2B-143460E754B3}"
EndProject
Project("{9A19103F-16F7-4668-BE54-9A1E7A4F7556}") = "Movies.Services.Contracts", "Movies.Services.Contracts\Movies.Services.Contracts.csproj", "{40F8D10A-E933-4579-A49E-4391027C9028}"
EndProject
Global
	GlobalSection(SolutionConfigurationPlatforms) = preSolution
		Debug|Any CPU = Debug|Any CPU
		Release|Any CPU = Release|Any CPU
	EndGlobalSection
	GlobalSection(ProjectConfigurationPlatforms) = postSolution
		{8CA43FF8-0D5F-4F3F-8E3B-FA7DA483DE63}.Debug|Any CPU.ActiveCfg = Debug|Any CPU
		{8CA43FF8-0D5F-4F3F-8E3B-FA7DA483DE63}.Debug|Any CPU.Build.0 = Debug|Any CPU
		{8CA43FF8-0D5F-4F3F-8E3B-FA7DA483DE63}.Release|Any CPU.ActiveCfg = Release|Any CPU
		{8CA43FF8-0D5F-4F3F-8E3B-FA7DA483DE63}.Release|Any CPU.Build.0 = Release|Any CPU
		{199056C8-DD50-4983-A68C-1ED9A5CA1550}.Debug|Any CPU.ActiveCfg = Debug|Any CPU
		{199056C8-DD50-4983-A68C-1ED9A5CA1550}.Debug|Any CPU.Build.0 = Debug|Any CPU
		{199056C8-DD50-4983-A68C-1ED9A5CA1550}.Release|Any CPU.ActiveCfg = Release|Any CPU
		{199056C8-DD50-4983-A68C-1ED9A5CA1550}.Release|Any CPU.Build.0 = Release|Any CPU
		{27F29D49-151B-4057-AA3E-BF49DA48F4FB}.Debug|Any CPU.ActiveCfg = Debug|Any CPU
		{27F29D49-151B-4057-AA3E-BF49DA48F4FB}.Debug|Any CPU.Build.0 = Debug|Any CPU
		{27F29D49-151B-4057-AA3E-BF49DA48F4FB}.Release|Any CPU.ActiveCfg = Release|Any CPU
		{27F29D49-151B-4057-AA3E-BF49DA48F4FB}.Release|Any CPU.Build.0 = Release|Any CPU
		{9E034572-4933-4CAE-9A2B-143460E754B3}.Debug|Any CPU.ActiveCfg = Debug|Any CPU
		{9E034572-4933-4CAE-9A2B-143460E754B3}.Debug|Any CPU.Build.0 = Debug|Any CPU
		{9E034572-4933-4CAE-9A2B-143460E754B3}.Release|Any CPU.ActiveCfg = Release|Any CPU
		{9E034572-4933-4CAE-9A2B-143460E754B3}.Release|Any CPU.Build.0 = Release|Any CPU
		{40F8D10A-E933-4579-A49E-4391027C9028}.Debug|Any CPU.ActiveCfg = Debug|Any CPU
		{40F8D10A-E933-4579-A49E-4391027C9028}.Debug|Any CPU.Build.0 = Debug|Any CPU
		{40F8D10A-E933-4579-A49E-4391027C9028}.Release|Any CPU.ActiveCfg = Release|Any CPU
		{40F8D10A-E933-4579-A49E-4391027C9028}.Release|Any CPU.Build.0 = Release|Any CPU
	EndGlobalSection
	GlobalSection(SolutionProperties) = preSolution
		HideSolutionNode = FALSE
	EndGlobalSection
	GlobalSection(ExtensibilityGlobals) = postSolution
		SolutionGuid = {6B85CE17-CFBD-4614-9F2F-2E2BA2EDBC68}
	EndGlobalSection
EndGlobal
